Microsoft Visual Studio Solution File, Format Version 12.00
# Visual Studio Version 17
VisualStudioVersion = 17.5.2.0
MinimumVisualStudioVersion = 10.0.40219.1
Project("{FAE04EC0-301F-11D3-BF4B-00C04F79EFBC}") = "semana6-estructura-de-listas-enlazadas", "semana6-estructura-de-listas-enlazadas.csproj", "{02C6AA5B-8DB1-CDE7-2DA4-28E5CDCECDC8}"
EndProject
Global
	GlobalSection(SolutionConfigurationPlatforms) = preSolution
		Debug|Any CPU = Debug|Any CPU
		Release|Any CPU = Release|Any CPU
	EndGlobalSection
	GlobalSection(ProjectConfigurationPlatforms) = postSolution
		{02C6AA5B-8DB1-CDE7-2DA4-28E5CDCECDC8}.Debug|Any CPU.ActiveCfg = Debug|Any CPU
		{02C6AA5B-8DB1-CDE7-2DA4-28E5CDCECDC8}.Debug|Any CPU.Build.0 = Debug|Any CPU
		{02C6AA5B-8DB1-CDE7-2DA4-28E5CDCECDC8}.Release|Any CPU.ActiveCfg = Release|Any CPU
		{02C6AA5B-8DB1-CDE7-2DA4-28E5CDCECDC8}.Release|Any CPU.Build.0 = Release|Any CPU
	EndGlobalSection
	GlobalSection(SolutionProperties) = preSolution
		HideSolutionNode = FALSE
	EndGlobalSection
	GlobalSection(ExtensibilityGlobals) = postSolution
		SolutionGuid = {B3079C93-6B58-4571-9893-7974E8F59ACC}
	EndGlobalSection
EndGlobal
